
Microsoft Visual Studio Solution File, Format Version 12.00
# Visual Studio Version 17
VisualStudioVersion = 17.3.32922.545
MinimumVisualStudioVersion = 10.0.40219.1
Project("{FAE04EC0-301F-11D3-BF4B-00C04F79EFBC}") = "loopcs", "loopcs\loopcs.csproj", "{DA409765-4375-4543-849F-1DBDB5FCBC00}"
EndProject
Global
	GlobalSection(SolutionConfigurationPlatforms) = preSolution
		Debug|Any CPU = Debug|Any CPU
		Release|Any CPU = Release|Any CPU
	EndGlobalSection
	GlobalSection(ProjectConfigurationPlatforms) = postSolution
		{DA409765-4375-4543-849F-1DBDB5FCBC00}.Debug|Any CPU.ActiveCfg = Debug|Any CPU
		{DA409765-4375-4543-849F-1DBDB5FCBC00}.Debug|Any CPU.Build.0 = Debug|Any CPU
		{DA409765-4375-4543-849F-1DBDB5FCBC00}.Release|Any CPU.ActiveCfg = Release|Any CPU
		{DA409765-4375-4543-849F-1DBDB5FCBC00}.Release|Any CPU.Build.0 = Release|Any CPU
	EndGlobalSection
	GlobalSection(SolutionProperties) = preSolution
		HideSolutionNode = FALSE
	EndGlobalSection
	GlobalSection(ExtensibilityGlobals) = postSolution
		SolutionGuid = {0B26E649-6C0C-425C-9A03-A38447CE83CE}
	EndGlobalSection
EndGlobal
